
Microsoft Visual Studio Solution File, Format Version 12.00
# Visual Studio Version 16
VisualStudioVersion = 16.0.34301.259
MinimumVisualStudioVersion = 10.0.40219.1
Project("{FAE04EC0-301F-11D3-BF4B-00C04F79EFBC}") = "video_audio_Upload_download", "video_audio_Upload_download\video_audio_Upload_download.csproj", "{B25D9A3E-C701-41B7-9507-275B13BE5AC3}"
EndProject
Global
	GlobalSection(SolutionConfigurationPlatforms) = preSolution
		Debug|Any CPU = Debug|Any CPU
		Release|Any CPU = Release|Any CPU
	EndGlobalSection
	GlobalSection(ProjectConfigurationPlatforms) = postSolution
		{B25D9A3E-C701-41B7-9507-275B13BE5AC3}.Debug|Any CPU.ActiveCfg = Debug|Any CPU
		{B25D9A3E-C701-41B7-9507-275B13BE5AC3}.Debug|Any CPU.Build.0 = Debug|Any CPU
		{B25D9A3E-C701-41B7-9507-275B13BE5AC3}.Release|Any CPU.ActiveCfg = Release|Any CPU
		{B25D9A3E-C701-41B7-9507-275B13BE5AC3}.Release|Any CPU.Build.0 = Release|Any CPU
	EndGlobalSection
	GlobalSection(SolutionProperties) = preSolution
		HideSolutionNode = FALSE
	EndGlobalSection
	GlobalSection(ExtensibilityGlobals) = postSolution
		SolutionGuid = {A938DB39-BE9A-41C9-B6C9-B6526C5C7B3D}
	EndGlobalSection
EndGlobal
